// !$*UTF8*$!
{
	archiveVersion = 1;
	classes = {
	};
	objectVersion = 51;
	objects = {

/* Begin PBXBuildFile section */
		5006D1BE259FA4AF00F068EA /* MainTabBarController.swift in Sources */ = {isa = PBXBuildFile; fileRef = 5006D1BD259FA4AF00F068EA /* MainTabBarController.swift */; };
		5006D1C3259FA98200F068EA /* MGPhotoHelper.swift in Sources */ = {isa = PBXBuildFile; fileRef = 5006D1C2259FA98200F068EA /* MGPhotoHelper.swift */; };
		544C7AAB64FC8342AFDC0E32 /* Pods_LetsDrink.framework in Frameworks */ = {isa = PBXBuildFile; fileRef = 771A4FAF793BDFA917B4DDBD /* Pods_LetsDrink.framework */; };
		B25D463323135BE800590DE1 /* AppDelegate.swift in Sources */ = {isa = PBXBuildFile; fileRef = B25D463223135BE800590DE1 /* AppDelegate.swift */; };
		B25D463823135BE800590DE1 /* Main.storyboard in Resources */ = {isa = PBXBuildFile; fileRef = B25D463623135BE800590DE1 /* Main.storyboard */; };
		B25D463A23135BEA00590DE1 /* Assets.xcassets in Resources */ = {isa = PBXBuildFile; fileRef = B25D463923135BEA00590DE1 /* Assets.xcassets */; };
		B25D463D23135BEA00590DE1 /* LaunchScreen.storyboard in Resources */ = {isa = PBXBuildFile; fileRef = B25D463B23135BEA00590DE1 /* LaunchScreen.storyboard */; };
		B25D464823135BEA00590DE1 /* LetsDrinkTests.swift in Sources */ = {isa = PBXBuildFile; fileRef = B25D464723135BEA00590DE1 /* LetsDrinkTests.swift */; };
		B25D465323135BEA00590DE1 /* LetsDrinkUITests.swift in Sources */ = {isa = PBXBuildFile; fileRef = B25D465223135BEA00590DE1 /* LetsDrinkUITests.swift */; };
		B271890C2537FC8500AE397E /* HomeViewController.swift in Sources */ = {isa = PBXBuildFile; fileRef = B271890B2537FC8500AE397E /* HomeViewController.swift */; };
		B27189112537FC9600AE397E /* FindFriendsViewController.swift in Sources */ = {isa = PBXBuildFile; fileRef = B27189102537FC9600AE397E /* FindFriendsViewController.swift */; };
		B28FB4D0251861FB00ECBEE3 /* User.swift in Sources */ = {isa = PBXBuildFile; fileRef = B28FB4CF251861FB00ECBEE3 /* User.swift */; };
		B2ACD8E92531229500FB02CB /* CreateUsernameViewController.swift in Sources */ = {isa = PBXBuildFile; fileRef = B2ACD8E82531229500FB02CB /* CreateUsernameViewController.swift */; };
		B2B68C3F2533CBBF000B0A29 /* AuthenticationServices.framework in Frameworks */ = {isa = PBXBuildFile; fileRef = B2B68C3E2533CBBF000B0A29 /* AuthenticationServices.framework */; };
		B2D7840E2340515400AE6A78 /* GoogleService-Info.plist in Resources */ = {isa = PBXBuildFile; fileRef = B2D7840D2340515300AE6A78 /* GoogleService-Info.plist */; };
		B2D7840F2340515400AE6A78 /* GoogleService-Info.plist in Resources */ = {isa = PBXBuildFile; fileRef = B2D7840D2340515300AE6A78 /* GoogleService-Info.plist */; };
		B2D784102340515400AE6A78 /* GoogleService-Info.plist in Resources */ = {isa = PBXBuildFile; fileRef = B2D7840D2340515300AE6A78 /* GoogleService-Info.plist */; };
		B2EA4539236F75DE00DBC4B3 /* Login.storyboard in Resources */ = {isa = PBXBuildFile; fileRef = B2EA4538236F75DE00DBC4B3 /* Login.storyboard */; };
		B2EA453B236F76D500DBC4B3 /* LoginViewController.swift in Sources */ = {isa = PBXBuildFile; fileRef = B2EA453A236F76D500DBC4B3 /* LoginViewController.swift */; };
		B2F0BD7325336439009ACF45 /* UserService.swift in Sources */ = {isa = PBXBuildFile; fileRef = B2F0BD7225336439009ACF45 /* UserService.swift */; };
		B2F0BD8025337292009ACF45 /* Constants.swift in Sources */ = {isa = PBXBuildFile; fileRef = B2F0BD7F25337292009ACF45 /* Constants.swift */; };
		B2F39DB62533750C00E4391D /* Storyboard+Utility.swift in Sources */ = {isa = PBXBuildFile; fileRef = B2F39DB52533750C00E4391D /* Storyboard+Utility.swift */; };
/* End PBXBuildFile section */

/* Begin PBXContainerItemProxy section */
		B25D464423135BEA00590DE1 /* PBXContainerItemProxy */ = {
			isa = PBXContainerItemProxy;
			containerPortal = B25D462723135BE800590DE1 /* Project object */;
			proxyType = 1;
			remoteGlobalIDString = B25D462E23135BE800590DE1;
			remoteInfo = LetsDrink;
		};
		B25D464F23135BEA00590DE1 /* PBXContainerItemProxy */ = {
			isa = PBXContainerItemProxy;
			containerPortal = B25D462723135BE800590DE1 /* Project object */;
			proxyType = 1;
			remoteGlobalIDString = B25D462E23135BE800590DE1;
			remoteInfo = LetsDrink;
		};
/* End PBXContainerItemProxy section */

/* Begin PBXFileReference section */
		5006D1BD259FA4AF00F068EA /* MainTabBarController.swift */ = {isa = PBXFileReference; lastKnownFileType = sourcecode.swift; path = MainTabBarController.swift; sourceTree = "<group>"; };
		5006D1C2259FA98200F068EA /* MGPhotoHelper.swift */ = {isa = PBXFileReference; lastKnownFileType = sourcecode.swift; name = MGPhotoHelper.swift; path = LetsDrink/Controllers/MGPhotoHelper.swift; sourceTree = SOURCE_ROOT; };
		771A4FAF793BDFA917B4DDBD /* Pods_LetsDrink.framework */ = {isa = PBXFileReference; explicitFileType = wrapper.framework; includeInIndex = 0; path = Pods_LetsDrink.framework; sourceTree = BUILT_PRODUCTS_DIR; };
		B25D462F23135BE800590DE1 /* LetsDrink.app */ = {isa = PBXFileReference; explicitFileType = wrapper.application; includeInIndex = 0; path = LetsDrink.app; sourceTree = BUILT_PRODUCTS_DIR; };
		B25D463223135BE800590DE1 /* AppDelegate.swift */ = {isa = PBXFileReference; lastKnownFileType = sourcecode.swift; path = AppDelegate.swift; sourceTree = "<group>"; };
		B25D463723135BE800590DE1 /* Base */ = {isa = PBXFileReference; lastKnownFileType = file.storyboard; name = Base; path = Base.lproj/Main.storyboard; sourceTree = "<group>"; };
		B25D463923135BEA00590DE1 /* Assets.xcassets */ = {isa = PBXFileReference; lastKnownFileType = folder.assetcatalog; path = Assets.xcassets; sourceTree = "<group>"; };
		B25D463C23135BEA00590DE1 /* Base */ = {isa = PBXFileReference; lastKnownFileType = file.storyboard; name = Base; path = Base.lproj/LaunchScreen.storyboard; sourceTree = "<group>"; };
		B25D463E23135BEA00590DE1 /* Info.plist */ = {isa = PBXFileReference; lastKnownFileType = text.plist.xml; path = Info.plist; sourceTree = "<group>"; };
		B25D464323135BEA00590DE1 /* LetsDrinkTests.xctest */ = {isa = PBXFileReference; explicitFileType = wrapper.cfbundle; includeInIndex = 0; path = LetsDrinkTests.xctest; sourceTree = BUILT_PRODUCTS_DIR; };
		B25D464723135BEA00590DE1 /* LetsDrinkTests.swift */ = {isa = PBXFileReference; lastKnownFileType = sourcecode.swift; path = LetsDrinkTests.swift; sourceTree = "<group>"; };
		B25D464923135BEA00590DE1 /* Info.plist */ = {isa = PBXFileReference; lastKnownFileType = text.plist.xml; path = Info.plist; sourceTree = "<group>"; };
		B25D464E23135BEA00590DE1 /* LetsDrinkUITests.xctest */ = {isa = PBXFileReference; explicitFileType = wrapper.cfbundle; includeInIndex = 0; path = LetsDrinkUITests.xctest; sourceTree = BUILT_PRODUCTS_DIR; };
		B25D465223135BEA00590DE1 /* LetsDrinkUITests.swift */ = {isa = PBXFileReference; lastKnownFileType = sourcecode.swift; path = LetsDrinkUITests.swift; sourceTree = "<group>"; };
		B25D465423135BEA00590DE1 /* Info.plist */ = {isa = PBXFileReference; lastKnownFileType = text.plist.xml; path = Info.plist; sourceTree = "<group>"; };
		B25D466023135CB300590DE1 /* LetsDrink.entitlements */ = {isa = PBXFileReference; lastKnownFileType = text.plist.entitlements; path = LetsDrink.entitlements; sourceTree = "<group>"; };
		B271890B2537FC8500AE397E /* HomeViewController.swift */ = {isa = PBXFileReference; lastKnownFileType = sourcecode.swift; path = HomeViewController.swift; sourceTree = "<group>"; };
		B27189102537FC9600AE397E /* FindFriendsViewController.swift */ = {isa = PBXFileReference; lastKnownFileType = sourcecode.swift; path = FindFriendsViewController.swift; sourceTree = "<group>"; };
		B28FB4CF251861FB00ECBEE3 /* User.swift */ = {isa = PBXFileReference; lastKnownFileType = sourcecode.swift; path = User.swift; sourceTree = "<group>"; };
		B2ACD8E82531229500FB02CB /* CreateUsernameViewController.swift */ = {isa = PBXFileReference; lastKnownFileType = sourcecode.swift; path = CreateUsernameViewController.swift; sourceTree = "<group>"; };
		B2B68C3E2533CBBF000B0A29 /* AuthenticationServices.framework */ = {isa = PBXFileReference; lastKnownFileType = wrapper.framework; name = AuthenticationServices.framework; path = System/Library/Frameworks/AuthenticationServices.framework; sourceTree = SDKROOT; };
		B2D7840D2340515300AE6A78 /* GoogleService-Info.plist */ = {isa = PBXFileReference; fileEncoding = 4; lastKnownFileType = text.plist.xml; path = "GoogleService-Info.plist"; sourceTree = "<group>"; };
		B2EA4538236F75DE00DBC4B3 /* Login.storyboard */ = {isa = PBXFileReference; lastKnownFileType = file.storyboard; path = Login.storyboard; sourceTree = "<group>"; };
		B2EA453A236F76D500DBC4B3 /* LoginViewController.swift */ = {isa = PBXFileReference; lastKnownFileType = sourcecode.swift; path = LoginViewController.swift; sourceTree = "<group>"; };
		B2F0BD7225336439009ACF45 /* UserService.swift */ = {isa = PBXFileReference; lastKnownFileType = sourcecode.swift; path = UserService.swift; sourceTree = "<group>"; };
		B2F0BD7F25337292009ACF45 /* Constants.swift */ = {isa = PBXFileReference; lastKnownFileType = sourcecode.swift; path = Constants.swift; sourceTree = "<group>"; };
		B2F39DB52533750C00E4391D /* Storyboard+Utility.swift */ = {isa = PBXFileReference; lastKnownFileType = sourcecode.swift; path = "Storyboard+Utility.swift"; sourceTree = "<group>"; };
		D468E112071387F6B0D6C3C5 /* Pods-LetsDrink.debug.xcconfig */ = {isa = PBXFileReference; includeInIndex = 1; lastKnownFileType = text.xcconfig; name = "Pods-LetsDrink.debug.xcconfig"; path = "Target Support Files/Pods-LetsDrink/Pods-LetsDrink.debug.xcconfig"; sourceTree = "<group>"; };
		D9B9C95FD9B10ABE0902ADF9 /* Pods-LetsDrink.release.xcconfig */ = {isa = PBXFileReference; includeInIndex = 1; lastKnownFileType = text.xcconfig; name = "Pods-LetsDrink.release.xcconfig"; path = "Target Support Files/Pods-LetsDrink/Pods-LetsDrink.release.xcconfig"; sourceTree = "<group>"; };
/* End PBXFileReference section */

/* Begin PBXFrameworksBuildPhase section */
		B25D462C23135BE800590DE1 /* Frameworks */ = {
			isa = PBXFrameworksBuildPhase;
			buildActionMask = 2147483647;
			files = (
				B2B68C3F2533CBBF000B0A29 /* AuthenticationServices.framework in Frameworks */,
				544C7AAB64FC8342AFDC0E32 /* Pods_LetsDrink.framework in Frameworks */,
			);
			runOnlyForDeploymentPostprocessing = 0;
		};
		B25D464023135BEA00590DE1 /* Frameworks */ = {
			isa = PBXFrameworksBuildPhase;
			buildActionMask = 2147483647;
			files = (
			);
			runOnlyForDeploymentPostprocessing = 0;
		};
		B25D464B23135BEA00590DE1 /* Frameworks */ = {
			isa = PBXFrameworksBuildPhase;
			buildActionMask = 2147483647;
			files = (
			);
			runOnlyForDeploymentPostprocessing = 0;
		};
/* End PBXFrameworksBuildPhase section */

/* Begin PBXGroup section */
		5F4110D326285D1694355671 /* Pods */ = {
			isa = PBXGroup;
			children = (
				D468E112071387F6B0D6C3C5 /* Pods-LetsDrink.debug.xcconfig */,
				D9B9C95FD9B10ABE0902ADF9 /* Pods-LetsDrink.release.xcconfig */,
			);
			path = Pods;
			sourceTree = "<group>";
		};
		B25D462623135BE800590DE1 = {
			isa = PBXGroup;
			children = (
				B25D463123135BE800590DE1 /* LetsDrink */,
				B25D464623135BEA00590DE1 /* LetsDrinkTests */,
				B25D465123135BEA00590DE1 /* LetsDrinkUITests */,
				B25D463023135BE800590DE1 /* Products */,
				5F4110D326285D1694355671 /* Pods */,
				F6FB64A1B4222085E3CC41DA /* Frameworks */,
			);
			sourceTree = "<group>";
		};
		B25D463023135BE800590DE1 /* Products */ = {
			isa = PBXGroup;
			children = (
				B25D462F23135BE800590DE1 /* LetsDrink.app */,
				B25D464323135BEA00590DE1 /* LetsDrinkTests.xctest */,
				B25D464E23135BEA00590DE1 /* LetsDrinkUITests.xctest */,
			);
			name = Products;
			sourceTree = "<group>";
		};
		B25D463123135BE800590DE1 /* LetsDrink */ = {
			isa = PBXGroup;
			children = (
				B2F39DB4253374E700E4391D /* Extensions */,
				B2EA4536236F742400DBC4B3 /* Storyboards */,
				B25D463223135BE800590DE1 /* AppDelegate.swift */,
				B2EA4535236F73F400DBC4B3 /* Controllers */,
				B28FB4CE25183B6200ECBEE3 /* Views */,
				B28FB4CD25183B4E00ECBEE3 /* Services */,
				B28FB4CC25183B4500ECBEE3 /* Models */,
				B28FB4CB25183B3D00ECBEE3 /* Helpers */,
				B2EA4537236F743600DBC4B3 /* Supporting Files */,
				B25D4669231374C900590DE1 /* Frameworks */,
				B25D466023135CB300590DE1 /* LetsDrink.entitlements */,
				B25D463923135BEA00590DE1 /* Assets.xcassets */,
			);
			path = LetsDrink;
			sourceTree = "<group>";
		};
		B25D464623135BEA00590DE1 /* LetsDrinkTests */ = {
			isa = PBXGroup;
			children = (
				B25D464723135BEA00590DE1 /* LetsDrinkTests.swift */,
				B25D464923135BEA00590DE1 /* Info.plist */,
			);
			path = LetsDrinkTests;
			sourceTree = "<group>";
		};
		B25D465123135BEA00590DE1 /* LetsDrinkUITests */ = {
			isa = PBXGroup;
			children = (
				B25D465223135BEA00590DE1 /* LetsDrinkUITests.swift */,
				B25D465423135BEA00590DE1 /* Info.plist */,
			);
			path = LetsDrinkUITests;
			sourceTree = "<group>";
		};
		B25D4669231374C900590DE1 /* Frameworks */ = {
			isa = PBXGroup;
			children = (
			);
			path = Frameworks;
			sourceTree = "<group>";
		};
		B28FB4CB25183B3D00ECBEE3 /* Helpers */ = {
			isa = PBXGroup;
			children = (
				5006D1C2259FA98200F068EA /* MGPhotoHelper.swift */,
			);
			path = Helpers;
			sourceTree = "<group>";
		};
		B28FB4CC25183B4500ECBEE3 /* Models */ = {
			isa = PBXGroup;
			children = (
				B28FB4CF251861FB00ECBEE3 /* User.swift */,
			);
			path = Models;
			sourceTree = "<group>";
		};
		B28FB4CD25183B4E00ECBEE3 /* Services */ = {
			isa = PBXGroup;
			children = (
				B2F0BD7225336439009ACF45 /* UserService.swift */,
			);
			path = Services;
			sourceTree = "<group>";
		};
		B28FB4CE25183B6200ECBEE3 /* Views */ = {
			isa = PBXGroup;
			children = (
			);
			path = Views;
			sourceTree = "<group>";
		};
		B2EA4535236F73F400DBC4B3 /* Controllers */ = {
			isa = PBXGroup;
			children = (
				B2EA453A236F76D500DBC4B3 /* LoginViewController.swift */,
				5006D1BD259FA4AF00F068EA /* MainTabBarController.swift */,
				B2ACD8E82531229500FB02CB /* CreateUsernameViewController.swift */,
				B271890B2537FC8500AE397E /* HomeViewController.swift */,
				B27189102537FC9600AE397E /* FindFriendsViewController.swift */,
			);
			path = Controllers;
			sourceTree = "<group>";
		};
		B2EA4536236F742400DBC4B3 /* Storyboards */ = {
			isa = PBXGroup;
			children = (
				B25D463623135BE800590DE1 /* Main.storyboard */,
				B25D463B23135BEA00590DE1 /* LaunchScreen.storyboard */,
				B2EA4538236F75DE00DBC4B3 /* Login.storyboard */,
			);
			path = Storyboards;
			sourceTree = "<group>";
		};
		B2EA4537236F743600DBC4B3 /* Supporting Files */ = {
			isa = PBXGroup;
			children = (
				B2D7840D2340515300AE6A78 /* GoogleService-Info.plist */,
				B25D463E23135BEA00590DE1 /* Info.plist */,
				B2F0BD7F25337292009ACF45 /* Constants.swift */,
			);
			path = "Supporting Files";
			sourceTree = "<group>";
		};
		B2F39DB4253374E700E4391D /* Extensions */ = {
			isa = PBXGroup;
			children = (
				B2F39DB52533750C00E4391D /* Storyboard+Utility.swift */,
			);
			path = Extensions;
			sourceTree = "<group>";
		};
		F6FB64A1B4222085E3CC41DA /* Frameworks */ = {
			isa = PBXGroup;
			children = (
				B2B68C3E2533CBBF000B0A29 /* AuthenticationServices.framework */,
				771A4FAF793BDFA917B4DDBD /* Pods_LetsDrink.framework */,
			);
			name = Frameworks;
			sourceTree = "<group>";
		};
/* End PBXGroup section */

/* Begin PBXNativeTarget section */
		B25D462E23135BE800590DE1 /* LetsDrink */ = {
			isa = PBXNativeTarget;
			buildConfigurationList = B25D465723135BEA00590DE1 /* Build configuration list for PBXNativeTarget "LetsDrink" */;
			buildPhases = (
				DCBA7726BF239DBE68B770B7 /* [CP] Check Pods Manifest.lock */,
				B25D462B23135BE800590DE1 /* Sources */,
				B25D462C23135BE800590DE1 /* Frameworks */,
				B25D462D23135BE800590DE1 /* Resources */,
				1DD4B8CEC5EC024922C30635 /* [CP] Embed Pods Frameworks */,
				0114C46727B1BFD17BCD1469 /* [CP] Copy Pods Resources */,
			);
			buildRules = (
			);
			dependencies = (
			);
			name = LetsDrink;
			productName = LetsDrink;
			productReference = B25D462F23135BE800590DE1 /* LetsDrink.app */;
			productType = "com.apple.product-type.application";
		};
		B25D464223135BEA00590DE1 /* LetsDrinkTests */ = {
			isa = PBXNativeTarget;
			buildConfigurationList = B25D465A23135BEA00590DE1 /* Build configuration list for PBXNativeTarget "LetsDrinkTests" */;
			buildPhases = (
				B25D463F23135BEA00590DE1 /* Sources */,
				B25D464023135BEA00590DE1 /* Frameworks */,
				B25D464123135BEA00590DE1 /* Resources */,
			);
			buildRules = (
			);
			dependencies = (
				B25D464523135BEA00590DE1 /* PBXTargetDependency */,
			);
			name = LetsDrinkTests;
			productName = LetsDrinkTests;
			productReference = B25D464323135BEA00590DE1 /* LetsDrinkTests.xctest */;
			productType = "com.apple.product-type.bundle.unit-test";
		};
		B25D464D23135BEA00590DE1 /* LetsDrinkUITests */ = {
			isa = PBXNativeTarget;
			buildConfigurationList = B25D465D23135BEA00590DE1 /* Build configuration list for PBXNativeTarget "LetsDrinkUITests" */;
			buildPhases = (
				B25D464A23135BEA00590DE1 /* Sources */,
				B25D464B23135BEA00590DE1 /* Frameworks */,
				B25D464C23135BEA00590DE1 /* Resources */,
			);
			buildRules = (
			);
			dependencies = (
				B25D465023135BEA00590DE1 /* PBXTargetDependency */,
			);
			name = LetsDrinkUITests;
			productName = LetsDrinkUITests;
			productReference = B25D464E23135BEA00590DE1 /* LetsDrinkUITests.xctest */;
			productType = "com.apple.product-type.bundle.ui-testing";
		};
/* End PBXNativeTarget section */

/* Begin PBXProject section */
		B25D462723135BE800590DE1 /* Project object */ = {
			isa = PBXProject;
			attributes = {
				LastSwiftUpdateCheck = 1030;
				LastUpgradeCheck = 1200;
				ORGANIZATIONNAME = AlCo;
				TargetAttributes = {
					B25D462E23135BE800590DE1 = {
						CreatedOnToolsVersion = 10.3;
						SystemCapabilities = {
							com.apple.Push = {
								enabled = 0;
							};
						};
					};
					B25D464223135BEA00590DE1 = {
						CreatedOnToolsVersion = 10.3;
						TestTargetID = B25D462E23135BE800590DE1;
					};
					B25D464D23135BEA00590DE1 = {
						CreatedOnToolsVersion = 10.3;
						TestTargetID = B25D462E23135BE800590DE1;
					};
				};
			};
			buildConfigurationList = B25D462A23135BE800590DE1 /* Build configuration list for PBXProject "LetsDrink" */;
			compatibilityVersion = "Xcode 9.3";
			developmentRegion = en;
			hasScannedForEncodings = 0;
			knownRegions = (
				en,
				Base,
			);
			mainGroup = B25D462623135BE800590DE1;
			productRefGroup = B25D463023135BE800590DE1 /* Products */;
			projectDirPath = "";
			projectRoot = "";
			targets = (
				B25D462E23135BE800590DE1 /* LetsDrink */,
				B25D464223135BEA00590DE1 /* LetsDrinkTests */,
				B25D464D23135BEA00590DE1 /* LetsDrinkUITests */,
			);
		};
/* End PBXProject section */

/* Begin PBXResourcesBuildPhase section */
		B25D462D23135BE800590DE1 /* Resources */ = {
			isa = PBXResourcesBuildPhase;
			buildActionMask = 2147483647;
			files = (
				B25D463D23135BEA00590DE1 /* LaunchScreen.storyboard in Resources */,
				B2D7840E2340515400AE6A78 /* GoogleService-Info.plist in Resources */,
				B25D463A23135BEA00590DE1 /* Assets.xcassets in Resources */,
				B2EA4539236F75DE00DBC4B3 /* Login.storyboard in Resources */,
				B25D463823135BE800590DE1 /* Main.storyboard in Resources */,
			);
			runOnlyForDeploymentPostprocessing = 0;
		};
		B25D464123135BEA00590DE1 /* Resources */ = {
			isa = PBXResourcesBuildPhase;
			buildActionMask = 2147483647;
			files = (
				B2D7840F2340515400AE6A78 /* GoogleService-Info.plist in Resources */,
			);
			runOnlyForDeploymentPostprocessing = 0;
		};
		B25D464C23135BEA00590DE1 /* Resources */ = {
			isa = PBXResourcesBuildPhase;
			buildActionMask = 2147483647;
			files = (
				B2D784102340515400AE6A78 /* GoogleService-Info.plist in Resources */,
			);
			runOnlyForDeploymentPostprocessing = 0;
		};
/* End PBXResourcesBuildPhase section */

/* Begin PBXShellScriptBuildPhase section */
		0114C46727B1BFD17BCD1469 /* [CP] Copy Pods Resources */ = {
			isa = PBXShellScriptBuildPhase;
			buildActionMask = 2147483647;
			files = (
			);
			inputFileListPaths = (
				"${PODS_ROOT}/Target Support Files/Pods-LetsDrink/Pods-LetsDrink-resources-${CONFIGURATION}-input-files.xcfilelist",
			);
			name = "[CP] Copy Pods Resources";
			outputFileListPaths = (
				"${PODS_ROOT}/Target Support Files/Pods-LetsDrink/Pods-LetsDrink-resources-${CONFIGURATION}-output-files.xcfilelist",
			);
			runOnlyForDeploymentPostprocessing = 0;
			shellPath = /bin/sh;
			shellScript = "\"${PODS_ROOT}/Target Support Files/Pods-LetsDrink/Pods-LetsDrink-resources.sh\"\n";
			showEnvVarsInLog = 0;
		};
		1DD4B8CEC5EC024922C30635 /* [CP] Embed Pods Frameworks */ = {
			isa = PBXShellScriptBuildPhase;
			buildActionMask = 2147483647;
			files = (
			);
			inputFileListPaths = (
				"${PODS_ROOT}/Target Support Files/Pods-LetsDrink/Pods-LetsDrink-frameworks-${CONFIGURATION}-input-files.xcfilelist",
			);
			name = "[CP] Embed Pods Frameworks";
			outputFileListPaths = (
				"${PODS_ROOT}/Target Support Files/Pods-LetsDrink/Pods-LetsDrink-frameworks-${CONFIGURATION}-output-files.xcfilelist",
			);
			runOnlyForDeploymentPostprocessing = 0;
			shellPath = /bin/sh;
			shellScript = "\"${PODS_ROOT}/Target Support Files/Pods-LetsDrink/Pods-LetsDrink-frameworks.sh\"\n";
			showEnvVarsInLog = 0;
		};
		DCBA7726BF239DBE68B770B7 /* [CP] Check Pods Manifest.lock */ = {
			isa = PBXShellScriptBuildPhase;
			buildActionMask = 2147483647;
			files = (
			);
			inputFileListPaths = (
			);
			inputPaths = (
				"${PODS_PODFILE_DIR_PATH}/Podfile.lock",
				"${PODS_ROOT}/Manifest.lock",
			);
			name = "[CP] Check Pods Manifest.lock";
			outputFileListPaths = (
			);
			outputPaths = (
				"$(DERIVED_FILE_DIR)/Pods-LetsDrink-checkManifestLockResult.txt",
			);
			runOnlyForDeploymentPostprocessing = 0;
			shellPath = /bin/sh;
			shellScript = "diff \"${PODS_PODFILE_DIR_PATH}/Podfile.lock\" \"${PODS_ROOT}/Manifest.lock\" > /dev/null\nif [ $? != 0 ] ; then\n    # print error to STDERR\n    echo \"error: The sandbox is not in sync with the Podfile.lock. Run 'pod install' or update your CocoaPods installation.\" >&2\n    exit 1\nfi\n# This output is used by Xcode 'outputs' to avoid re-running this script phase.\necho \"SUCCESS\" > \"${SCRIPT_OUTPUT_FILE_0}\"\n";
			showEnvVarsInLog = 0;
		};
/* End PBXShellScriptBuildPhase section */

/* Begin PBXSourcesBuildPhase section */
		B25D462B23135BE800590DE1 /* Sources */ = {
			isa = PBXSourcesBuildPhase;
			buildActionMask = 2147483647;
			files = (
				B28FB4D0251861FB00ECBEE3 /* User.swift in Sources */,
				B2EA453B236F76D500DBC4B3 /* LoginViewController.swift in Sources */,
				5006D1BE259FA4AF00F068EA /* MainTabBarController.swift in Sources */,
				B2F0BD7325336439009ACF45 /* UserService.swift in Sources */,
				B271890C2537FC8500AE397E /* HomeViewController.swift in Sources */,
				5006D1C3259FA98200F068EA /* MGPhotoHelper.swift in Sources */,
				B2F39DB62533750C00E4391D /* Storyboard+Utility.swift in Sources */,
				B27189112537FC9600AE397E /* FindFriendsViewController.swift in Sources */,
				B2F0BD8025337292009ACF45 /* Constants.swift in Sources */,
				B2ACD8E92531229500FB02CB /* CreateUsernameViewController.swift in Sources */,
				B25D463323135BE800590DE1 /* AppDelegate.swift in Sources */,
			);
			runOnlyForDeploymentPostprocessing = 0;
		};
		B25D463F23135BEA00590DE1 /* Sources */ = {
			isa = PBXSourcesBuildPhase;
			buildActionMask = 2147483647;
			files = (
				B25D464823135BEA00590DE1 /* LetsDrinkTests.swift in Sources */,
			);
			runOnlyForDeploymentPostprocessing = 0;
		};
		B25D464A23135BEA00590DE1 /* Sources */ = {
			isa = PBXSourcesBuildPhase;
			buildActionMask = 2147483647;
			files = (
				B25D465323135BEA00590DE1 /* LetsDrinkUITests.swift in Sources */,
			);
			runOnlyForDeploymentPostprocessing = 0;
		};
/* End PBXSourcesBuildPhase section */

/* Begin PBXTargetDependency section */
		B25D464523135BEA00590DE1 /* PBXTargetDependency */ = {
			isa = PBXTargetDependency;
			target = B25D462E23135BE800590DE1 /* LetsDrink */;
			targetProxy = B25D464423135BEA00590DE1 /* PBXContainerItemProxy */;
		};
		B25D465023135BEA00590DE1 /* PBXTargetDependency */ = {
			isa = PBXTargetDependency;
			target = B25D462E23135BE800590DE1 /* LetsDrink */;
			targetProxy = B25D464F23135BEA00590DE1 /* PBXContainerItemProxy */;
		};
/* End PBXTargetDependency section */

/* Begin PBXVariantGroup section */
		B25D463623135BE800590DE1 /* Main.storyboard */ = {
			isa = PBXVariantGroup;
			children = (
				B25D463723135BE800590DE1 /* Base */,
			);
			name = Main.storyboard;
			sourceTree = "<group>";
		};
		B25D463B23135BEA00590DE1 /* LaunchScreen.storyboard */ = {
			isa = PBXVariantGroup;
			children = (
				B25D463C23135BEA00590DE1 /* Base */,
			);
			name = LaunchScreen.storyboard;
			sourceTree = "<group>";
		};
/* End PBXVariantGroup section */

/* Begin XCBuildConfiguration section */
		B25D465523135BEA00590DE1 /* Debug */ = {
			isa = XCBuildConfiguration;
			buildSettings = {
				ALWAYS_SEARCH_USER_PATHS = NO;
				CLANG_ANALYZER_NONNULL = YES;
				CLANG_ANALYZER_NUMBER_OBJECT_CONVERSION = YES_AGGRESSIVE;
				CLANG_CXX_LANGUAGE_STANDARD = "gnu++14";
				CLANG_CXX_LIBRARY = "libc++";
				CLANG_ENABLE_MODULES = YES;
				CLANG_ENABLE_OBJC_ARC = YES;
				CLANG_ENABLE_OBJC_WEAK = YES;
				CLANG_WARN_BLOCK_CAPTURE_AUTORELEASING = YES;
				CLANG_WARN_BOOL_CONVERSION = YES;
				CLANG_WARN_COMMA = YES;
				CLANG_WARN_CONSTANT_CONVERSION = YES;
				CLANG_WARN_DEPRECATED_OBJC_IMPLEMENTATIONS = YES;
				CLANG_WARN_DIRECT_OBJC_ISA_USAGE = YES_ERROR;
				CLANG_WARN_DOCUMENTATION_COMMENTS = YES;
				CLANG_WARN_EMPTY_BODY = YES;
				CLANG_WARN_ENUM_CONVERSION = YES;
				CLANG_WARN_INFINITE_RECURSION = YES;
				CLANG_WARN_INT_CONVERSION = YES;
				CLANG_WARN_NON_LITERAL_NULL_CONVERSION = YES;
				CLANG_WARN_OBJC_IMPLICIT_RETAIN_SELF = YES;
				CLANG_WARN_OBJC_LITERAL_CONVERSION = YES;
				CLANG_WARN_OBJC_ROOT_CLASS = YES_ERROR;
				CLANG_WARN_QUOTED_INCLUDE_IN_FRAMEWORK_HEADER = YES;
				CLANG_WARN_RANGE_LOOP_ANALYSIS = YES;
				CLANG_WARN_STRICT_PROTOTYPES = YES;
				CLANG_WARN_SUSPICIOUS_MOVE = YES;
				CLANG_WARN_UNGUARDED_AVAILABILITY = YES_AGGRESSIVE;
				CLANG_WARN_UNREACHABLE_CODE = YES;
				CLANG_WARN__DUPLICATE_METHOD_MATCH = YES;
				CODE_SIGN_IDENTITY = "iPhone Developer";
				COPY_PHASE_STRIP = NO;
				CURRENT_PROJECT_VERSION = 2;
				DEBUG_INFORMATION_FORMAT = dwarf;
				ENABLE_STRICT_OBJC_MSGSEND = YES;
				ENABLE_TESTABILITY = YES;
				"EXCLUDED_ARCHS[sdk=iphonesimulator*]" = arm64;
				GCC_C_LANGUAGE_STANDARD = gnu11;
				GCC_DYNAMIC_NO_PIC = NO;
				GCC_NO_COMMON_BLOCKS = YES;
				GCC_OPTIMIZATION_LEVEL = 0;
				GCC_PREPROCESSOR_DEFINITIONS = (
					"DEBUG=1",
					"$(inherited)",
				);
				GCC_WARN_64_TO_32_BIT_CONVERSION = YES;
				GCC_WARN_ABOUT_RETURN_TYPE = YES_ERROR;
				GCC_WARN_UNDECLARED_SELECTOR = YES;
				GCC_WARN_UNINITIALIZED_AUTOS = YES_AGGRESSIVE;
				GCC_WARN_UNUSED_FUNCTION = YES;
				GCC_WARN_UNUSED_VARIABLE = YES;
				IPHONEOS_DEPLOYMENT_TARGET = 12.4;
				MTL_ENABLE_DEBUG_INFO = INCLUDE_SOURCE;
				MTL_FAST_MATH = YES;
				NEW_SETTING = "";
				ONLY_ACTIVE_ARCH = YES;
				OTHER_LDFLAGS = "-ObjC";
				SDKROOT = iphoneos;
				SWIFT_ACTIVE_COMPILATION_CONDITIONS = DEBUG;
				SWIFT_OPTIMIZATION_LEVEL = "-Onone";
				VERSIONING_SYSTEM = "apple-generic";
			};
			name = Debug;
		};
		B25D465623135BEA00590DE1 /* Release */ = {
			isa = XCBuildConfiguration;
			buildSettings = {
				ALWAYS_SEARCH_USER_PATHS = NO;
				CLANG_ANALYZER_NONNULL = YES;
				CLANG_ANALYZER_NUMBER_OBJECT_CONVERSION = YES_AGGRESSIVE;
				CLANG_CXX_LANGUAGE_STANDARD = "gnu++14";
				CLANG_CXX_LIBRARY = "libc++";
				CLANG_ENABLE_MODULES = YES;
				CLANG_ENABLE_OBJC_ARC = YES;
				CLANG_ENABLE_OBJC_WEAK = YES;
				CLANG_WARN_BLOCK_CAPTURE_AUTORELEASING = YES;
				CLANG_WARN_BOOL_CONVERSION = YES;
				CLANG_WARN_COMMA = YES;
				CLANG_WARN_CONSTANT_CONVERSION = YES;
				CLANG_WARN_DEPRECATED_OBJC_IMPLEMENTATIONS = YES;
				CLANG_WARN_DIRECT_OBJC_ISA_USAGE = YES_ERROR;
				CLANG_WARN_DOCUMENTATION_COMMENTS = YES;
				CLANG_WARN_EMPTY_BODY = YES;
				CLANG_WARN_ENUM_CONVERSION = YES;
				CLANG_WARN_INFINITE_RECURSION = YES;
				CLANG_WARN_INT_CONVERSION = YES;
				CLANG_WARN_NON_LITERAL_NULL_CONVERSION = YES;
				CLANG_WARN_OBJC_IMPLICIT_RETAIN_SELF = YES;
				CLANG_WARN_OBJC_LITERAL_CONVERSION = YES;
				CLANG_WARN_OBJC_ROOT_CLASS = YES_ERROR;
				CLANG_WARN_QUOTED_INCLUDE_IN_FRAMEWORK_HEADER = YES;
				CLANG_WARN_RANGE_LOOP_ANALYSIS = YES;
				CLANG_WARN_STRICT_PROTOTYPES = YES;
				CLANG_WARN_SUSPICIOUS_MOVE = YES;
				CLANG_WARN_UNGUARDED_AVAILABILITY = YES_AGGRESSIVE;
				CLANG_WARN_UNREACHABLE_CODE = YES;
				CLANG_WARN__DUPLICATE_METHOD_MATCH = YES;
				CODE_SIGN_IDENTITY = "iPhone Developer";
				COPY_PHASE_STRIP = NO;
				CURRENT_PROJECT_VERSION = 2;
				DEBUG_INFORMATION_FORMAT = "dwarf-with-dsym";
				ENABLE_NS_ASSERTIONS = NO;
				ENABLE_STRICT_OBJC_MSGSEND = YES;
				"EXCLUDED_ARCHS[sdk=iphonesimulator*]" = arm64;
				GCC_C_LANGUAGE_STANDARD = gnu11;
				GCC_NO_COMMON_BLOCKS = YES;
				GCC_WARN_64_TO_32_BIT_CONVERSION = YES;
				GCC_WARN_ABOUT_RETURN_TYPE = YES_ERROR;
				GCC_WARN_UNDECLARED_SELECTOR = YES;
				GCC_WARN_UNINITIALIZED_AUTOS = YES_AGGRESSIVE;
				GCC_WARN_UNUSED_FUNCTION = YES;
				GCC_WARN_UNUSED_VARIABLE = YES;
				IPHONEOS_DEPLOYMENT_TARGET = 12.4;
				MTL_ENABLE_DEBUG_INFO = NO;
				MTL_FAST_MATH = YES;
				NEW_SETTING = "";
				ONLY_ACTIVE_ARCH = YES;
				OTHER_LDFLAGS = "-ObjC";
				SDKROOT = iphoneos;
				SWIFT_COMPILATION_MODE = wholemodule;
				SWIFT_OPTIMIZATION_LEVEL = "-O";
				VALIDATE_PRODUCT = YES;
				VERSIONING_SYSTEM = "apple-generic";
			};
			name = Release;
		};
		B25D465823135BEA00590DE1 /* Debug */ = {
			isa = XCBuildConfiguration;
			baseConfigurationReference = D468E112071387F6B0D6C3C5 /* Pods-LetsDrink.debug.xcconfig */;
			buildSettings = {
				ASSETCATALOG_COMPILER_APPICON_NAME = AppIcon;
				CODE_SIGN_ENTITLEMENTS = LetsDrink/LetsDrink.entitlements;
				CODE_SIGN_STYLE = Automatic;
				DEVELOPMENT_TEAM = TT79Z6BW63;
				FRAMEWORK_SEARCH_PATHS = (
					"$(inherited)",
					"$(PROJECT_DIR)/LetsDrink",
					"$(PROJECT_DIR)/LetsDrink/Frameworks",
				);
				INFOPLIST_FILE = "$(SRCROOT)/LetsDrink/Supporting Files/Info.plist";
				LD_RUNPATH_SEARCH_PATHS = (
					"$(inherited)",
					"@executable_path/Frameworks",
				);
				MARKETING_VERSION = 0.1.6;
				PRODUCT_BUNDLE_IDENTIFIER = SocialTools.LetsDrink;
				PRODUCT_NAME = "$(TARGET_NAME)";
				SWIFT_VERSION = 5.0;
				TARGETED_DEVICE_FAMILY = "1,2";
				VERSIONING_SYSTEM = "apple-generic";
			};
			name = Debug;
		};
		B25D465923135BEA00590DE1 /* Release */ = {
			isa = XCBuildConfiguration;
			baseConfigurationReference = D9B9C95FD9B10ABE0902ADF9 /* Pods-LetsDrink.release.xcconfig */;
			buildSettings = {
				ASSETCATALOG_COMPILER_APPICON_NAME = AppIcon;
				CODE_SIGN_ENTITLEMENTS = LetsDrink/LetsDrink.entitlements;
				CODE_SIGN_STYLE = Automatic;
				DEVELOPMENT_TEAM = TT79Z6BW63;
				FRAMEWORK_SEARCH_PATHS = (
					"$(inherited)",
					"$(PROJECT_DIR)/LetsDrink",
					"$(PROJECT_DIR)/LetsDrink/Frameworks",
				);
				INFOPLIST_FILE = "$(SRCROOT)/LetsDrink/Supporting Files/Info.plist";
				LD_RUNPATH_SEARCH_PATHS = (
					"$(inherited)",
					"@executable_path/Frameworks",
				);
				MARKETING_VERSION = 0.1.6;
				PRODUCT_BUNDLE_IDENTIFIER = SocialTools.LetsDrink;
				PRODUCT_NAME = "$(TARGET_NAME)";
				SWIFT_VERSION = 5.0;
				TARGETED_DEVICE_FAMILY = "1,2";
				VERSIONING_SYSTEM = "apple-generic";
			};
			name = Release;
		};
		B25D465B23135BEA00590DE1 /* Debug */ = {
			isa = XCBuildConfiguration;
			buildSettings = {
				ALWAYS_EMBED_SWIFT_STANDARD_LIBRARIES = YES;
				BUNDLE_LOADER = "$(TEST_HOST)";
				CODE_SIGN_STYLE = Automatic;
				DEVELOPMENT_TEAM = TT79Z6BW63;
				FRAMEWORK_SEARCH_PATHS = (
					"$(inherited)",
					"$(PROJECT_DIR)/LetsDrink",
					"$(PROJECT_DIR)/LetsDrink/Frameworks",
				);
				INFOPLIST_FILE = LetsDrinkTests/Info.plist;
				LD_RUNPATH_SEARCH_PATHS = (
					"$(inherited)",
					"@executable_path/Frameworks",
					"@loader_path/Frameworks",
				);
				PRODUCT_BUNDLE_IDENTIFIER = SocialTools.LetsDrinkTests;
				PRODUCT_NAME = "$(TARGET_NAME)";
				SWIFT_VERSION = 5.0;
				TARGETED_DEVICE_FAMILY = "1,2";
				TEST_HOST = "$(BUILT_PRODUCTS_DIR)/LetsDrink.app/LetsDrink";
			};
			name = Debug;
		};
		B25D465C23135BEA00590DE1 /* Release */ = {
			isa = XCBuildConfiguration;
			buildSettings = {
				ALWAYS_EMBED_SWIFT_STANDARD_LIBRARIES = YES;
				BUNDLE_LOADER = "$(TEST_HOST)";
				CODE_SIGN_STYLE = Automatic;
				DEVELOPMENT_TEAM = TT79Z6BW63;
				FRAMEWORK_SEARCH_PATHS = (
					"$(inherited)",
					"$(PROJECT_DIR)/LetsDrink",
					"$(PROJECT_DIR)/LetsDrink/Frameworks",
				);
				INFOPLIST_FILE = LetsDrinkTests/Info.plist;
				LD_RUNPATH_SEARCH_PATHS = (
					"$(inherited)",
					"@executable_path/Frameworks",
					"@loader_path/Frameworks",
				);
				PRODUCT_BUNDLE_IDENTIFIER = SocialTools.LetsDrinkTests;
				PRODUCT_NAME = "$(TARGET_NAME)";
				SWIFT_VERSION = 5.0;
				TARGETED_DEVICE_FAMILY = "1,2";
				TEST_HOST = "$(BUILT_PRODUCTS_DIR)/LetsDrink.app/LetsDrink";
			};
			name = Release;
		};
		B25D465E23135BEA00590DE1 /* Debug */ = {
			isa = XCBuildConfiguration;
			buildSettings = {
				ALWAYS_EMBED_SWIFT_STANDARD_LIBRARIES = YES;
				CODE_SIGN_STYLE = Automatic;
				DEVELOPMENT_TEAM = TT79Z6BW63;
				FRAMEWORK_SEARCH_PATHS = (
					"$(inherited)",
					"$(PROJECT_DIR)/LetsDrink",
					"$(PROJECT_DIR)/LetsDrink/Frameworks",
				);
				INFOPLIST_FILE = LetsDrinkUITests/Info.plist;
				LD_RUNPATH_SEARCH_PATHS = (
					"$(inherited)",
					"@executable_path/Frameworks",
					"@loader_path/Frameworks",
				);
				PRODUCT_BUNDLE_IDENTIFIER = SocialTools.LetsDrinkUITests;
				PRODUCT_NAME = "$(TARGET_NAME)";
				SWIFT_VERSION = 5.0;
				TARGETED_DEVICE_FAMILY = "1,2";
				TEST_TARGET_NAME = LetsDrink;
			};
			name = Debug;
		};
		B25D465F23135BEA00590DE1 /* Release */ = {
			isa = XCBuildConfiguration;
			buildSettings = {
				ALWAYS_EMBED_SWIFT_STANDARD_LIBRARIES = YES;
				CODE_SIGN_STYLE = Automatic;
				DEVELOPMENT_TEAM = TT79Z6BW63;
				FRAMEWORK_SEARCH_PATHS = (
					"$(inherited)",
					"$(PROJECT_DIR)/LetsDrink",
					"$(PROJECT_DIR)/LetsDrink/Frameworks",
				);
				INFOPLIST_FILE = LetsDrinkUITests/Info.plist;
				LD_RUNPATH_SEARCH_PATHS = (
					"$(inherited)",
					"@executable_path/Frameworks",
					"@loader_path/Frameworks",
				);
				PRODUCT_BUNDLE_IDENTIFIER = SocialTools.LetsDrinkUITests;
				PRODUCT_NAME = "$(TARGET_NAME)";
				SWIFT_VERSION = 5.0;
				TARGETED_DEVICE_FAMILY = "1,2";
				TEST_TARGET_NAME = LetsDrink;
			};
			name = Release;
		};
/* End XCBuildConfiguration section */

/* Begin XCConfigurationList section */
		B25D462A23135BE800590DE1 /* Build configuration list for PBXProject "LetsDrink" */ = {
			isa = XCConfigurationList;
			buildConfigurations = (
				B25D465523135BEA00590DE1 /* Debug */,
				B25D465623135BEA00590DE1 /* Release */,
			);
			defaultConfigurationIsVisible = 0;
			defaultConfigurationName = Release;
		};
		B25D465723135BEA00590DE1 /* Build configuration list for PBXNativeTarget "LetsDrink" */ = {
			isa = XCConfigurationList;
			buildConfigurations = (
				B25D465823135BEA00590DE1 /* Debug */,
				B25D465923135BEA00590DE1 /* Release */,
			);
			defaultConfigurationIsVisible = 0;
			defaultConfigurationName = Release;
		};
		B25D465A23135BEA00590DE1 /* Build configuration list for PBXNativeTarget "LetsDrinkTests" */ = {
			isa = XCConfigurationList;
			buildConfigurations = (
				B25D465B23135BEA00590DE1 /* Debug */,
				B25D465C23135BEA00590DE1 /* Release */,
			);
			defaultConfigurationIsVisible = 0;
			defaultConfigurationName = Release;
		};
		B25D465D23135BEA00590DE1 /* Build configuration list for PBXNativeTarget "LetsDrinkUITests" */ = {
			isa = XCConfigurationList;
			buildConfigurations = (
				B25D465E23135BEA00590DE1 /* Debug */,
				B25D465F23135BEA00590DE1 /* Release */,
			);
			defaultConfigurationIsVisible = 0;
			defaultConfigurationName = Release;
		};
/* End XCConfigurationList section */
	};
	rootObject = B25D462723135BE800590DE1 /* Project object */;
}
